PODS:
  - Firebase/CoreOnly (12.17.0):
    - FirebaseCore (~> 12.17.0)
  - Firebase/Messaging (12.17.0):
    - Firebase/CoreOnly
    - FirebaseMessaging (~> 12.17.0)
  - firebase_core (4.13.0):
    - Firebase/CoreOnly (= 12.17.0)
    - Flutter
  - firebase_messaging (16.5.0):
    - Firebase/Messaging (= 12.17.0)
    - firebase_core
    - Flutter
  - FirebaseCore (12.17.0):
    - FirebaseCoreInternal (~> 12.17.0)
    - GoogleUtilities/Environment (~> 8.1)
    - GoogleUtilities/Logger (~> 8.1)
  - FirebaseCoreInternal (12.17.0):
    - "GoogleUtilities/NSData+zlib (~> 8.1)"
  - FirebaseInstallations (12.17.0):
    - FirebaseCore (~> 12.17.0)
    - GoogleUtilities/Environment (~> 8.1)
    - GoogleUtilities/UserDefaults (~> 8.1)
    - PromisesObjC (~> 2.4)
  - FirebaseMessaging (12.17.0):
    - FirebaseCore (~> 12.17.0)
    - FirebaseInstallations (~> 12.17.0)
    - GoogleDataTransport (~> 10.1)
    - GoogleUtilities/AppDelegateSwizzler (~> 8.1)
    - GoogleUtilities/Environment (~> 8.1)
    - GoogleUtilities/Reachability (~> 8.1)
    - GoogleUtilities/UserDefaults (~> 8.1)
    - nanopb (~> 3.30910.0)
  - Flutter (1.0.0)
  - flutter_local_notifications (0.0.1):
    - Flutter
  - flutter_secure_storage (6.0.0):
    - Flutter
  - GoogleDataTransport (10.1.1):
    - nanopb (~> 3.30910.0)
    - PromisesObjC (~> 2.4)
  - GoogleUtilities/AppDelegateSwizzler (8.1.2):
    - GoogleUtilities/Environment
    - GoogleUtilities/Logger
    - GoogleUtilities/Network
    - GoogleUtilities/Privacy
  - GoogleUtilities/Environment (8.1.2):
    - GoogleUtilities/Privacy
  - GoogleUtilities/Logger (8.1.2):
    - GoogleUtilities/Environment
    - GoogleUtilities/Privacy
  - GoogleUtilities/Network (8.1.2):
    - GoogleUtilities/Logger
    - "GoogleUtilities/NSData+zlib"
    - GoogleUtilities/Privacy
    - GoogleUtilities/Reachability
  - "GoogleUtilities/NSData+zlib (8.1.2)":
    - GoogleUtilities/Privacy
  - GoogleUtilities/Privacy (8.1.2)
  - GoogleUtilities/Reachability (8.1.2):
    - GoogleUtilities/Logger
    - GoogleUtilities/Privacy
  - GoogleUtilities/UserDefaults (8.1.2):
    - GoogleUtilities/Logger
    - GoogleUtilities/Privacy
  - local_auth_darwin (0.0.1):
    - Flutter
    - FlutterMacOS
  - nanopb (3.30910.0):
    - nanopb/decode (= 3.30910.0)
    - nanopb/encode (= 3.30910.0)
  - nanopb/decode (3.30910.0)
  - nanopb/encode (3.30910.0)
  - permission_handler_apple (9.4.8):
    - Flutter
  - PromisesObjC (2.4.1)
  - shared_preferences_foundation (0.0.1):
    - Flutter
    - FlutterMacOS

DEPENDENCIES:
  - firebase_core (from `.symlinks/plugins/firebase_core/ios`)
  - firebase_messaging (from `.symlinks/plugins/firebase_messaging/ios`)
  - Flutter (from `Flutter`)
  - flutter_local_notifications (from `.symlinks/plugins/flutter_local_notifications/ios`)
  - flutter_secure_storage (from `.symlinks/plugins/flutter_secure_storage/ios`)
  - local_auth_darwin (from `.symlinks/plugins/local_auth_darwin/darwin`)
  - permission_handler_apple (from `.symlinks/plugins/permission_handler_apple/ios`)
  - shared_preferences_foundation (from `.symlinks/plugins/shared_preferences_foundation/darwin`)

SPEC REPOS:
  trunk:
    - Firebase
    - FirebaseCore
    - FirebaseCoreInternal
    - FirebaseInstallations
    - FirebaseMessaging
    - GoogleDataTransport
    - GoogleUtilities
    - nanopb
    - PromisesObjC

EXTERNAL SOURCES:
  firebase_core:
    :path: ".symlinks/plugins/firebase_core/ios"
  firebase_messaging:
    :path: ".symlinks/plugins/firebase_messaging/ios"
  Flutter:
    :path: Flutter
  flutter_local_notifications:
    :path: ".symlinks/plugins/flutter_local_notifications/ios"
  flutter_secure_storage:
    :path: ".symlinks/plugins/flutter_secure_storage/ios"
  local_auth_darwin:
    :path: ".symlinks/plugins/local_auth_darwin/darwin"
  permission_handler_apple:
    :path: ".symlinks/plugins/permission_handler_apple/ios"
  shared_preferences_foundation:
    :path: ".symlinks/plugins/shared_preferences_foundation/darwin"

SPEC CHECKSUMS:
  Firebase: e8400c058702940d53f31fc0653e4e7a06332326
  firebase_core: ed4af79ed27e2ce1b00d110a13d53dd27ce3cf8a
  firebase_messaging: 333b8f434aee2a676be5cd86040f2a66f1a78806
  FirebaseCore: 52d4512296984a44a8c8870c6494870fc7aeee2f
  FirebaseCoreInternal: 3b310521b34a51ce3a6c605e4618b9aef8f6c112
  FirebaseInstallations: bd8e80f51d4c8bdc6c872011dede0b800c5b49ea
  FirebaseMessaging: 313d69fe6529c8846813d1660b65d7d38bc16954
  Flutter: cabc95a1d2626b1b06e7179b784ebcf0c0cde467
  flutter_local_notifications: eda81afddbf18f8589f6ec069ce593c4c6378769
  flutter_secure_storage: d33dac7ae2ea08509be337e775f6b59f1ff45f12
  GoogleDataTransport: a24e58982ab3ba2f64d79613e027fe7f57e88539
  GoogleUtilities: 766ace00c6b10d8148408f329d10c4f051931850
  local_auth_darwin: 63c73d6d28cc3e239be2b6aa460ea6e317cd5100
  nanopb: fad817b59e0457d11a5dfbde799381cd727c1275
  permission_handler_apple: ee2fe0fd04551b304eb002714ff067c371c822ed
  PromisesObjC: 752c3227f599e3467650e47ea36f433eeb10c273
  shared_preferences_foundation: 5086985c1d43c5ba4d5e69a4e8083a389e2909e6

PODFILE CHECKSUM: 830fca8d8ac9eb49ddff135485b456953310f802

COCOAPODS: 1.16.2
